
Microsoft Visual Studio Solution File, Format Version 12.00
# Visual Studio Version 17
VisualStudioVersion = 17.6.33801.468
MinimumVisualStudioVersion = 10.0.40219.1
Project("{FAE04EC0-301F-11D3-BF4B-00C04F79EFBC}") = "modbus_crc", "modbus_crc\modbus_crc.csproj", "{702637BD-990C-4A54-9BE2-80D0E8D1BA97}"
EndProject
Global
	GlobalSection(SolutionConfigurationPlatforms) = preSolution
		Debug|Any CPU = Debug|Any CPU
		Release|Any CPU = Release|Any CPU
	EndGlobalSection
	GlobalSection(ProjectConfigurationPlatforms) = postSolution
		{702637BD-990C-4A54-9BE2-80D0E8D1BA97}.Debug|Any CPU.ActiveCfg = Debug|Any CPU
		{702637BD-990C-4A54-9BE2-80D0E8D1BA97}.Debug|Any CPU.Build.0 = Debug|Any CPU
		{702637BD-990C-4A54-9BE2-80D0E8D1BA97}.Release|Any CPU.ActiveCfg = Release|Any CPU
		{702637BD-990C-4A54-9BE2-80D0E8D1BA97}.Release|Any CPU.Build.0 = Release|Any CPU
	EndGlobalSection
	GlobalSection(SolutionProperties) = preSolution
		HideSolutionNode = FALSE
	EndGlobalSection
	GlobalSection(ExtensibilityGlobals) = postSolution
		SolutionGuid = {FB3D77A6-4FD4-48CE-A2B3-776715771F4D}
	EndGlobalSection
EndGlobal
